// !$*UTF8*$!
{
	archiveVersion = 1;
	classes = {
	};
	objectVersion = 46;
	objects = {

/* Begin PBXBuildFile section */
		2F0806161802E52F00D40F7C /* UIKit.framework in Frameworks */ = {isa = PBXBuildFile; fileRef = 2F0806151802E52F00D40F7C /* UIKit.framework */; };
		2F0806181802E52F00D40F7C /* Foundation.framework in Frameworks */ = {isa = PBXBuildFile; fileRef = 2F0806171802E52F00D40F7C /* Foundation.framework */; };
		2F3BC776180D13DF004C08E3 /* index.html in Resources */ = {isa = PBXBuildFile; fileRef = 2F3BC773180D13DF004C08E3 /* index.html */; };
		2F3BC7AB180E6948004C08E3 /* libiconv.dylib in Frameworks */ = {isa = PBXBuildFile; fileRef = 2F3BC7AA180E6948004C08E3 /* libiconv.dylib */; };
		2F3BC7AD180E6D54004C08E3 /* CoreMedia.framework in Frameworks */ = {isa = PBXBuildFile; fileRef = 2F3BC7AC180E6D54004C08E3 /* CoreMedia.framework */; };
		2F3BC7AF180E6D5F004C08E3 /* CoreVideo.framework in Frameworks */ = {isa = PBXBuildFile; fileRef = 2F3BC7AE180E6D5F004C08E3 /* CoreVideo.framework */; };
		2F3BC97B180E7953004C08E3 /* AudioToolbox.framework in Frameworks */ = {isa = PBXBuildFile; fileRef = 2F3BC97A180E7953004C08E3 /* AudioToolbox.framework */; };
		2F42A8971A051EFC00332167 /* images in Resources */ = {isa = PBXBuildFile; fileRef = 2F42A8961A051EFC00332167 /* images */; };
		2F82C9BE1805B126007FD643 /* AVFoundation.framework in Frameworks */ = {isa = PBXBuildFile; fileRef = 2F82C9BD1805B126007FD643 /* AVFoundation.framework */; };
		2F9391B5196D03700071245A /* CFNetwork.framework in Frameworks */ = {isa = PBXBuildFile; fileRef = 2F9391B4196D03700071245A /* CFNetwork.framework */; };
		2F9392F9196D06300071245A /* CoreGraphics.framework in Frameworks */ = {isa = PBXBuildFile; fileRef = 2F9392F7196D05440071245A /* CoreGraphics.framework */; };
		2F968F38196D83C300E32381 /* QuartzCore.framework in Frameworks */ = {isa = PBXBuildFile; fileRef = 2F968F37196D83C300E32381 /* QuartzCore.framework */; };
		2F969071196D90EE00E32381 /* Security.framework in Frameworks */ = {isa = PBXBuildFile; fileRef = 2F969070196D90EE00E32381 /* Security.framework */; };
		2F9FAAFA1970D95700DFB77C /* Images.xcassets in Resources */ = {isa = PBXBuildFile; fileRef = 2F9FAAF71970D95700DFB77C /* Images.xcassets */; };
		60AA1F221B8E1FBD007A203C /* CoreLocation.framework in Frameworks */ = {isa = PBXBuildFile; fileRef = 60AA1F211B8E1FBD007A203C /* CoreLocation.framework */; };
		60D1B6B51B65C20900E3C8EB /* controller.js in Resources */ = {isa = PBXBuildFile; fileRef = 60D1B6B31B65C20900E3C8EB /* controller.js */; };
		60D1B6B61B65C20900E3C8EB /* slan.m.js in Resources */ = {isa = PBXBuildFile; fileRef = 60D1B6B41B65C20900E3C8EB /* slan.m.js */; };
		60E4A0D11B8C54D000F57174 /* CPWebViewController.strings in Resources */ = {isa = PBXBuildFile; fileRef = 60E4A0B41B8C54D000F57174 /* CPWebViewController.strings */; };
		60E4A0D21B8C54D000F57174 /* MyURLCache.m in Sources */ = {isa = PBXBuildFile; fileRef = 60E4A0B71B8C54D000F57174 /* MyURLCache.m */; };
		60E4A0D31B8C54D000F57174 /* NJKWebViewProgress.m in Sources */ = {isa = PBXBuildFile; fileRef = 60E4A0BA1B8C54D000F57174 /* NJKWebViewProgress.m */; };
		60E4A0D41B8C54D000F57174 /* NJKWebViewProgressView.m in Sources */ = {isa = PBXBuildFile; fileRef = 60E4A0BC1B8C54D000F57174 /* NJKWebViewProgressView.m */; };
		60E4A0D51B8C54D000F57174 /* CPWebViewController.bundle in Resources */ = {isa = PBXBuildFile; fileRef = 60E4A0BD1B8C54D000F57174 /* CPWebViewController.bundle */; };
		60E4A0D61B8C54D000F57174 /* CPWebViewController.m in Sources */ = {isa = PBXBuildFile; fileRef = 60E4A0BF1B8C54D000F57174 /* CPWebViewController.m */; };
		60E4A0D71B8C54D000F57174 /* SVWebViewControllerActivityChrome-iPad.png in Resources */ = {isa = PBXBuildFile; fileRef = 60E4A0C21B8C54D000F57174 /* SVWebViewControllerActivityChrome-iPad.png */; };
		60E4A0D81B8C54D000F57174 /* SVWebViewControllerActivityChrome-iPad@2x.png in Resources */ = {isa = PBXBuildFile; fileRef = 60E4A0C31B8C54D000F57174 /* SVWebViewControllerActivityChrome-iPad@2x.png */; };
		60E4A0D91B8C54D000F57174 /* SVWebViewControllerActivityChrome.m in Sources */ = {isa = PBXBuildFile; fileRef = 60E4A0C51B8C54D000F57174 /* SVWebViewControllerActivityChrome.m */; };
		60E4A0DA1B8C54D000F57174 /* SVWebViewControllerActivityChrome@2x.png in Resources */ = {isa = PBXBuildFile; fileRef = 60E4A0C61B8C54D000F57174 /* SVWebViewControllerActivityChrome@2x.png */; };
		60E4A0DB1B8C54D000F57174 /* SVWebViewControllerActivitySafari-iPad.png in Resources */ = {isa = PBXBuildFile; fileRef = 60E4A0C81B8C54D000F57174 /* SVWebViewControllerActivitySafari-iPad.png */; };
		60E4A0DC1B8C54D000F57174 /* SVWebViewControllerActivitySafari-iPad@2x.png in Resources */ = {isa = PBXBuildFile; fileRef = 60E4A0C91B8C54D000F57174 /* SVWebViewControllerActivitySafari-iPad@2x.png */; };
		60E4A0DD1B8C54D000F57174 /* SVWebViewControllerActivitySafari.m in Sources */ = {isa = PBXBuildFile; fileRef = 60E4A0CB1B8C54D000F57174 /* SVWebViewControllerActivitySafari.m */; };
		60E4A0DE1B8C54D000F57174 /* SVWebViewControllerActivitySafari@2x.png in Resources */ = {isa = PBXBuildFile; fileRef = 60E4A0CC1B8C54D000F57174 /* SVWebViewControllerActivitySafari@2x.png */; };
		60E4A0DF1B8C54D000F57174 /* SVWebViewControllerActivity.m in Sources */ = {isa = PBXBuildFile; fileRef = 60E4A0CE1B8C54D000F57174 /* SVWebViewControllerActivity.m */; };
		60E4A0E21B8C552700F57174 /* STTools.m in Sources */ = {isa = PBXBuildFile; fileRef = 60E4A0E11B8C552700F57174 /* STTools.m */; };
		60E4A0E61B8C553E00F57174 /* NSEtcHosts.m in Sources */ = {isa = PBXBuildFile; fileRef = 60E4A0E51B8C553E00F57174 /* NSEtcHosts.m */; };
		60E4A0E91B8C55D100F57174 /* CPModalWebViewController.m in Sources */ = {isa = PBXBuildFile; fileRef = 60E4A0E81B8C55D100F57174 /* CPModalWebViewController.m */; };
		60F1C3AF1B81A1DA00995C1A /* ViewUtil.m in Sources */ = {isa = PBXBuildFile; fileRef = 60F1C3AE1B81A1DA00995C1A /* ViewUtil.m */; };
		60F1C4F41B7E6DBE0043FEA1 /* AppDelegate.m in Sources */ = {isa = PBXBuildFile; fileRef = 60F1C4EF1B7E6DBE0043FEA1 /* AppDelegate.m */; };
		60F1C4F51B7E6DBE0043FEA1 /* HybridView.m in Sources */ = {isa = PBXBuildFile; fileRef = 60F1C4F11B7E6DBE0043FEA1 /* HybridView.m */; };
		60F1C4F61B7E6DBE0043FEA1 /* ViewController.mm in Sources */ = {isa = PBXBuildFile; fileRef = 60F1C4F31B7E6DBE0043FEA1 /* ViewController.mm */; };
		60F1C5021B7E6DF60043FEA1 /* main.m in Sources */ = {isa = PBXBuildFile; fileRef = 60F1C4FE1B7E6DF60043FEA1 /* main.m */; };
		60F289901B810DB20087284C /* LaunchScreen.xib in Resources */ = {isa = PBXBuildFile; fileRef = 60F2898E1B810DB20087284C /* LaunchScreen.xib */; };
		60F289931B810E150087284C /* InfoPlist.strings in Resources */ = {isa = PBXBuildFile; fileRef = 60F289911B810E150087284C /* InfoPlist.strings */; };
/* End PBXBuildFile section */

/* Begin PBXFileReference section */
		2F0806111802E52F00D40F7C /* Abs.app */ = {isa = PBXFileReference; explicitFileType = wrapper.application; includeInIndex = 0; path = Abs.app; sourceTree = BUILT_PRODUCTS_DIR; };
		2F0806151802E52F00D40F7C /* UIKit.framework */ = {isa = PBXFileReference; lastKnownFileType = wrapper.framework; name = UIKit.framework; path = System/Library/Frameworks/UIKit.framework; sourceTree = SDKROOT; };
		2F0806171802E52F00D40F7C /* Foundation.framework */ = {isa = PBXFileReference; lastKnownFileType = wrapper.framework; name = Foundation.framework; path = System/Library/Frameworks/Foundation.framework; sourceTree = SDKROOT; };
		2F3BC773180D13DF004C08E3 /* index.html */ = {isa = PBXFileReference; fileEncoding = 4; lastKnownFileType = text.html; name = index.html; path = files/index.html; sourceTree = "<group>"; };
		2F3BC7AA180E6948004C08E3 /* libiconv.dylib */ = {isa = PBXFileReference; lastKnownFileType = "compiled.mach-o.dylib"; name = libiconv.dylib; path = usr/lib/libiconv.dylib; sourceTree = SDKROOT; };
		2F3BC7AC180E6D54004C08E3 /* CoreMedia.framework */ = {isa = PBXFileReference; lastKnownFileType = wrapper.framework; name = CoreMedia.framework; path = System/Library/Frameworks/CoreMedia.framework; sourceTree = SDKROOT; };
		2F3BC7AE180E6D5F004C08E3 /* CoreVideo.framework */ = {isa = PBXFileReference; lastKnownFileType = wrapper.framework; name = CoreVideo.framework; path = System/Library/Frameworks/CoreVideo.framework; sourceTree = SDKROOT; };
		2F3BC97A180E7953004C08E3 /* AudioToolbox.framework */ = {isa = PBXFileReference; lastKnownFileType = wrapper.framework; name = AudioToolbox.framework; path = System/Library/Frameworks/AudioToolbox.framework; sourceTree = SDKROOT; };
		2F42A8961A051EFC00332167 /* images */ = {isa = PBXFileReference; lastKnownFileType = folder; name = images; path = files/images; sourceTree = "<group>"; };
		2F82C9BD1805B126007FD643 /* AVFoundation.framework */ = {isa = PBXFileReference; lastKnownFileType = wrapper.framework; name = AVFoundation.framework; path = System/Library/Frameworks/AVFoundation.framework; sourceTree = SDKROOT; };
		2F9391B4196D03700071245A /* CFNetwork.framework */ = {isa = PBXFileReference; lastKnownFileType = wrapper.framework; name = CFNetwork.framework; path = System/Library/Frameworks/CFNetwork.framework; sourceTree = SDKROOT; };
		2F9392F7196D05440071245A /* CoreGraphics.framework */ = {isa = PBXFileReference; lastKnownFileType = wrapper.framework; name = CoreGraphics.framework; path = System/Library/Frameworks/CoreGraphics.framework; sourceTree = SDKROOT; };
		2F968F37196D83C300E32381 /* QuartzCore.framework */ = {isa = PBXFileReference; lastKnownFileType = wrapper.framework; name = QuartzCore.framework; path = System/Library/Frameworks/QuartzCore.framework; sourceTree = SDKROOT; };
		2F969070196D90EE00E32381 /* Security.framework */ = {isa = PBXFileReference; lastKnownFileType = wrapper.framework; name = Security.framework; path = System/Library/Frameworks/Security.framework; sourceTree = SDKROOT; };
		2F9FAAF71970D95700DFB77C /* Images.xcassets */ = {isa = PBXFileReference; lastKnownFileType = folder.assetcatalog; name = Images.xcassets; path = images/Images.xcassets; sourceTree = "<group>"; };
		60AA1F211B8E1FBD007A203C /* CoreLocation.framework */ = {isa = PBXFileReference; lastKnownFileType = wrapper.framework; name = CoreLocation.framework; path = System/Library/Frameworks/CoreLocation.framework; sourceTree = SDKROOT; };
		60D1B6B31B65C20900E3C8EB /* controller.js */ = {isa = PBXFileReference; fileEncoding = 4; lastKnownFileType = sourcecode.javascript; name = controller.js; path = files/controller.js; sourceTree = "<group>"; };
		60D1B6B41B65C20900E3C8EB /* slan.m.js */ = {isa = PBXFileReference; fileEncoding = 4; lastKnownFileType = sourcecode.javascript; name = slan.m.js; path = files/slan.m.js; sourceTree = "<group>"; };
		60E4A0B51B8C54D000F57174 /* en */ = {isa = PBXFileReference; lastKnownFileType = text.plist.strings; name = en; path = en.lproj/CPWebViewController.strings; sourceTree = "<group>"; };
		60E4A0B61B8C54D000F57174 /* MyURLCache.h */ = {isa = PBXFileReference; fileEncoding = 4; lastKnownFileType = sourcecode.c.h; path = MyURLCache.h; sourceTree = "<group>"; };
		60E4A0B71B8C54D000F57174 /* MyURLCache.m */ = {isa = PBXFileReference; fileEncoding = 4; lastKnownFileType = sourcecode.c.objc; path = MyURLCache.m; sourceTree = "<group>"; };
		60E4A0B91B8C54D000F57174 /* NJKWebViewProgress.h */ = {isa = PBXFileReference; fileEncoding = 4; lastKnownFileType = sourcecode.c.h; path = NJKWebViewProgress.h; sourceTree = "<group>"; };
		60E4A0BA1B8C54D000F57174 /* NJKWebViewProgress.m */ = {isa = PBXFileReference; fileEncoding = 4; lastKnownFileType = sourcecode.c.objc; path = NJKWebViewProgress.m; sourceTree = "<group>"; };
		60E4A0BB1B8C54D000F57174 /* NJKWebViewProgressView.h */ = {isa = PBXFileReference; fileEncoding = 4; lastKnownFileType = sourcecode.c.h; path = NJKWebViewProgressView.h; sourceTree = "<group>"; };
		60E4A0BC1B8C54D000F57174 /* NJKWebViewProgressView.m */ = {isa = PBXFileReference; fileEncoding = 4; lastKnownFileType = sourcecode.c.objc; path = NJKWebViewProgressView.m; sourceTree = "<group>"; };
		60E4A0BD1B8C54D000F57174 /* CPWebViewController.bundle */ = {isa = PBXFileReference; lastKnownFileType = "wrapper.plug-in"; path = CPWebViewController.bundle; sourceTree = "<group>"; };
		60E4A0BE1B8C54D000F57174 /* CPWebViewController.h */ = {isa = PBXFileReference; fileEncoding = 4; lastKnownFileType = sourcecode.c.h; path = CPWebViewController.h; sourceTree = "<group>"; };
		60E4A0BF1B8C54D000F57174 /* CPWebViewController.m */ = {isa = PBXFileReference; fileEncoding = 4; lastKnownFileType = sourcecode.c.objc; path = CPWebViewController.m; sourceTree = "<group>"; };
		60E4A0C21B8C54D000F57174 /* SVWebViewControllerActivityChrome-iPad.png */ = {isa = PBXFileReference; lastKnownFileType = image.png; path = "SVWebViewControllerActivityChrome-iPad.png"; sourceTree = "<group>"; };
		60E4A0C31B8C54D000F57174 /* SVWebViewControllerActivityChrome-iPad@2x.png */ = {isa = PBXFileReference; lastKnownFileType = image.png; path = "SVWebViewControllerActivityChrome-iPad@2x.png"; sourceTree = "<group>"; };
		60E4A0C41B8C54D000F57174 /* SVWebViewControllerActivityChrome.h */ = {isa = PBXFileReference; fileEncoding = 4; lastKnownFileType = sourcecode.c.h; path = SVWebViewControllerActivityChrome.h; sourceTree = "<group>"; };
		60E4A0C51B8C54D000F57174 /* SVWebViewControllerActivityChrome.m */ = {isa = PBXFileReference; fileEncoding = 4; lastKnownFileType = sourcecode.c.objc; path = SVWebViewControllerActivityChrome.m; sourceTree = "<group>"; };
		60E4A0C61B8C54D000F57174 /* SVWebViewControllerActivityChrome@2x.png */ = {isa = PBXFileReference; lastKnownFileType = image.png; path = "SVWebViewControllerActivityChrome@2x.png"; sourceTree = "<group>"; };
		60E4A0C81B8C54D000F57174 /* SVWebViewControllerActivitySafari-iPad.png */ = {isa = PBXFileReference; lastKnownFileType = image.png; path = "SVWebViewControllerActivitySafari-iPad.png"; sourceTree = "<group>"; };
		60E4A0C91B8C54D000F57174 /* SVWebViewControllerActivitySafari-iPad@2x.png */ = {isa = PBXFileReference; lastKnownFileType = image.png; path = "SVWebViewControllerActivitySafari-iPad@2x.png"; sourceTree = "<group>"; };
		60E4A0CA1B8C54D000F57174 /* SVWebViewControllerActivitySafari.h */ = {isa = PBXFileReference; fileEncoding = 4; lastKnownFileType = sourcecode.c.h; path = SVWebViewControllerActivitySafari.h; sourceTree = "<group>"; };
		60E4A0CB1B8C54D000F57174 /* SVWebViewControllerActivitySafari.m */ = {isa = PBXFileReference; fileEncoding = 4; lastKnownFileType = sourcecode.c.objc; path = SVWebViewControllerActivitySafari.m; sourceTree = "<group>"; };
		60E4A0CC1B8C54D000F57174 /* SVWebViewControllerActivitySafari@2x.png */ = {isa = PBXFileReference; lastKnownFileType = image.png; path = "SVWebViewControllerActivitySafari@2x.png"; sourceTree = "<group>"; };
		60E4A0CD1B8C54D000F57174 /* SVWebViewControllerActivity.h */ = {isa = PBXFileReference; fileEncoding = 4; lastKnownFileType = sourcecode.c.h; path = SVWebViewControllerActivity.h; sourceTree = "<group>"; };
		60E4A0CE1B8C54D000F57174 /* SVWebViewControllerActivity.m */ = {isa = PBXFileReference; fileEncoding = 4; lastKnownFileType = sourcecode.c.objc; path = SVWebViewControllerActivity.m; sourceTree = "<group>"; };
		60E4A0CF1B8C54D000F57174 /* zh-Hans */ = {isa = PBXFileReference; lastKnownFileType = text.plist.strings; name = "zh-Hans"; path = "zh-Hans.lproj/CPWebViewController.strings"; sourceTree = "<group>"; };
		60E4A0D01B8C54D000F57174 /* zh-Hant */ = {isa = PBXFileReference; lastKnownFileType = text.plist.strings; name = "zh-Hant"; path = "zh-Hant.lproj/CPWebViewController.strings"; sourceTree = "<group>"; };
		60E4A0E01B8C552700F57174 /* STTools.h */ = {isa = PBXFileReference; fileEncoding = 4; lastKnownFileType = sourcecode.c.h; path = STTools.h; sourceTree = "<group>"; };
		60E4A0E11B8C552700F57174 /* STTools.m */ = {isa = PBXFileReference; fileEncoding = 4; lastKnownFileType = sourcecode.c.objc; path = STTools.m; sourceTree = "<group>"; };
		60E4A0E41B8C553E00F57174 /* NSEtcHosts.h */ = {isa = PBXFileReference; fileEncoding = 4; lastKnownFileType = sourcecode.c.h; path = NSEtcHosts.h; sourceTree = "<group>"; };
		60E4A0E51B8C553E00F57174 /* NSEtcHosts.m */ = {isa = PBXFileReference; fileEncoding = 4; lastKnownFileType = sourcecode.c.objc; path = NSEtcHosts.m; sourceTree = "<group>"; };
		60E4A0E71B8C55D100F57174 /* CPModalWebViewController.h */ = {isa = PBXFileReference; fileEncoding = 4; lastKnownFileType = sourcecode.c.h; path = CPModalWebViewController.h; sourceTree = "<group>"; };
		60E4A0E81B8C55D100F57174 /* CPModalWebViewController.m */ = {isa = PBXFileReference; fileEncoding = 4; lastKnownFileType = sourcecode.c.objc; path = CPModalWebViewController.m; sourceTree = "<group>"; };
		60F1C3AD1B81A1DA00995C1A /* ViewUtil.h */ = {isa = PBXFileReference; fileEncoding = 4; lastKnownFileType = sourcecode.c.h; path = ViewUtil.h; sourceTree = "<group>"; };
		60F1C3AE1B81A1DA00995C1A /* ViewUtil.m */ = {isa = PBXFileReference; fileEncoding = 4; lastKnownFileType = sourcecode.c.objc; path = ViewUtil.m; sourceTree = "<group>"; };
		60F1C4EE1B7E6DBD0043FEA1 /* AppDelegate.h */ = {isa = PBXFileReference; fileEncoding = 4; lastKnownFileType = sourcecode.c.h; name = AppDelegate.h; path = Views/AppDelegate.h; sourceTree = SOURCE_ROOT; };
		60F1C4EF1B7E6DBE0043FEA1 /* AppDelegate.m */ = {isa = PBXFileReference; fileEncoding = 4; lastKnownFileType = sourcecode.c.objc; name = AppDelegate.m; path = Views/AppDelegate.m; sourceTree = SOURCE_ROOT; };
		60F1C4F01B7E6DBE0043FEA1 /* HybridView.h */ = {isa = PBXFileReference; fileEncoding = 4; lastKnownFileType = sourcecode.c.h; name = HybridView.h; path = Views/HybridView.h; sourceTree = SOURCE_ROOT; };
		60F1C4F11B7E6DBE0043FEA1 /* HybridView.m */ = {isa = PBXFileReference; fileEncoding = 4; lastKnownFileType = sourcecode.c.objc; name = HybridView.m; path = Views/HybridView.m; sourceTree = SOURCE_ROOT; };
		60F1C4F21B7E6DBE0043FEA1 /* ViewController.h */ = {isa = PBXFileReference; fileEncoding = 4; lastKnownFileType = sourcecode.c.h; name = ViewController.h; path = Views/ViewController.h; sourceTree = SOURCE_ROOT; };
		60F1C4F31B7E6DBE0043FEA1 /* ViewController.mm */ = {isa = PBXFileReference; fileEncoding = 4; lastKnownFileType = sourcecode.cpp.objcpp; name = ViewController.mm; path = Views/ViewController.mm; sourceTree = SOURCE_ROOT; };
		60F1C4FC1B7E6DF60043FEA1 /* Abs-Info.plist */ = {isa = PBXFileReference; fileEncoding = 4; lastKnownFileType = text.plist.xml; name = "Abs-Info.plist"; path = "Views/Abs-Info.plist"; sourceTree = SOURCE_ROOT; };
		60F1C4FD1B7E6DF60043FEA1 /* Abs-Prefix.pch */ = {isa = PBXFileReference; fileEncoding = 4; lastKnownFileType = sourcecode.c.h; name = "Abs-Prefix.pch"; path = "Views/Abs-Prefix.pch"; sourceTree = SOURCE_ROOT; };
		60F1C4FE1B7E6DF60043FEA1 /* main.m */ = {isa = PBXFileReference; fileEncoding = 4; lastKnownFileType = sourcecode.c.objc; name = main.m; path = Views/main.m; sourceTree = SOURCE_ROOT; };
		60F2898F1B810DB20087284C /* en */ = {isa = PBXFileReference; lastKnownFileType = file.xib; name = en; path = Views/en.lproj/LaunchScreen.xib; sourceTree = SOURCE_ROOT; };
		60F289921B810E150087284C /* en */ = {isa = PBXFileReference; lastKnownFileType = text.plist.strings; name = en; path = Views/en.lproj/InfoPlist.strings; sourceTree = SOURCE_ROOT; };
/* End PBXFileReference section */

/* Begin PBXFrameworksBuildPhase section */
		2F08060E1802E52F00D40F7C /* Frameworks */ = {
			isa = PBXFrameworksBuildPhase;
			buildActionMask = 2147483647;
			files = (
				60AA1F221B8E1FBD007A203C /* CoreLocation.framework in Frameworks */,
				2F969071196D90EE00E32381 /* Security.framework in Frameworks */,
				2F0806181802E52F00D40F7C /* Foundation.framework in Frameworks */,
				2F3BC97B180E7953004C08E3 /* AudioToolbox.framework in Frameworks */,
				2F9392F9196D06300071245A /* CoreGraphics.framework in Frameworks */,
				2F9391B5196D03700071245A /* CFNetwork.framework in Frameworks */,
				2F3BC7AF180E6D5F004C08E3 /* CoreVideo.framework in Frameworks */,
				2F3BC7AD180E6D54004C08E3 /* CoreMedia.framework in Frameworks */,
				2F3BC7AB180E6948004C08E3 /* libiconv.dylib in Frameworks */,
				2F82C9BE1805B126007FD643 /* AVFoundation.framework in Frameworks */,
				2F0806161802E52F00D40F7C /* UIKit.framework in Frameworks */,
				2F968F38196D83C300E32381 /* QuartzCore.framework in Frameworks */,
			);
			runOnlyForDeploymentPostprocessing = 0;
		};
/* End PBXFrameworksBuildPhase section */

/* Begin PBXGroup section */
		2F0806061802E52F00D40F7C = {
			isa = PBXGroup;
			children = (
				60E4A0E31B8C553E00F57174 /* Extentions */,
				60E4A0B21B8C4E7500F57174 /* Components */,
				60F1C3AC1B81A1DA00995C1A /* Util */,
				2F3BC773180D13DF004C08E3 /* index.html */,
				60D1B6B31B65C20900E3C8EB /* controller.js */,
				60D1B6B41B65C20900E3C8EB /* slan.m.js */,
				2F42A8961A051EFC00332167 /* images */,
				2F9FAAF71970D95700DFB77C /* Images.xcassets */,
				2F08061B1802E52F00D40F7C /* Views */,
				2F0806141802E52F00D40F7C /* Frameworks */,
				2F0806121802E52F00D40F7C /* Products */,
			);
			sourceTree = "<group>";
		};
		2F0806121802E52F00D40F7C /* Products */ = {
			isa = PBXGroup;
			children = (
				2F0806111802E52F00D40F7C /* Abs.app */,
			);
			name = Products;
			sourceTree = "<group>";
		};
		2F0806141802E52F00D40F7C /* Frameworks */ = {
			isa = PBXGroup;
			children = (
				60AA1F211B8E1FBD007A203C /* CoreLocation.framework */,
				2F969070196D90EE00E32381 /* Security.framework */,
				2F968F37196D83C300E32381 /* QuartzCore.framework */,
				2F9392F7196D05440071245A /* CoreGraphics.framework */,
				2F9391B4196D03700071245A /* CFNetwork.framework */,
				2F3BC97A180E7953004C08E3 /* AudioToolbox.framework */,
				2F3BC7AE180E6D5F004C08E3 /* CoreVideo.framework */,
				2F3BC7AC180E6D54004C08E3 /* CoreMedia.framework */,
				2F3BC7AA180E6948004C08E3 /* libiconv.dylib */,
				2F82C9BD1805B126007FD643 /* AVFoundation.framework */,
				2F0806151802E52F00D40F7C /* UIKit.framework */,
				2F0806171802E52F00D40F7C /* Foundation.framework */,
			);
			name = Frameworks;
			sourceTree = "<group>";
		};
		2F08061B1802E52F00D40F7C /* Views */ = {
			isa = PBXGroup;
			children = (
				60F1C4EE1B7E6DBD0043FEA1 /* AppDelegate.h */,
				60F1C4EF1B7E6DBE0043FEA1 /* AppDelegate.m */,
				60F1C4F01B7E6DBE0043FEA1 /* HybridView.h */,
				60F1C4F11B7E6DBE0043FEA1 /* HybridView.m */,
				60F1C4F21B7E6DBE0043FEA1 /* ViewController.h */,
				60F1C4F31B7E6DBE0043FEA1 /* ViewController.mm */,
				60F2898E1B810DB20087284C /* LaunchScreen.xib */,
				2F08061C1802E52F00D40F7C /* Supporting Files */,
			);
			name = Views;
			path = Abs;
			sourceTree = "<group>";
		};
		2F08061C1802E52F00D40F7C /* Supporting Files */ = {
			isa = PBXGroup;
			children = (
				60F289911B810E150087284C /* InfoPlist.strings */,
				60F1C4FC1B7E6DF60043FEA1 /* Abs-Info.plist */,
				60F1C4FD1B7E6DF60043FEA1 /* Abs-Prefix.pch */,
				60F1C4FE1B7E6DF60043FEA1 /* main.m */,
			);
			name = "Supporting Files";
			sourceTree = "<group>";
		};
		60E4A0B21B8C4E7500F57174 /* Components */ = {
			isa = PBXGroup;
			children = (
				60E4A0B31B8C54D000F57174 /* WebView */,
			);
			name = Components;
			path = ../../Components;
			sourceTree = "<group>";
		};
		60E4A0B31B8C54D000F57174 /* WebView */ = {
			isa = PBXGroup;
			children = (
				60E4A0E71B8C55D100F57174 /* CPModalWebViewController.h */,
				60E4A0E81B8C55D100F57174 /* CPModalWebViewController.m */,
				60E4A0B41B8C54D000F57174 /* CPWebViewController.strings */,
				60E4A0B61B8C54D000F57174 /* MyURLCache.h */,
				60E4A0B71B8C54D000F57174 /* MyURLCache.m */,
				60E4A0B81B8C54D000F57174 /* NJKWebViewProgress */,
				60E4A0BD1B8C54D000F57174 /* CPWebViewController.bundle */,
				60E4A0BE1B8C54D000F57174 /* CPWebViewController.h */,
				60E4A0BF1B8C54D000F57174 /* CPWebViewController.m */,
				60E4A0C01B8C54D000F57174 /* UIActivities */,
			);
			path = WebView;
			sourceTree = "<group>";
		};
		60E4A0B81B8C54D000F57174 /* NJKWebViewProgress */ = {
			isa = PBXGroup;
			children = (
				60E4A0B91B8C54D000F57174 /* NJKWebViewProgress.h */,
				60E4A0BA1B8C54D000F57174 /* NJKWebViewProgress.m */,
				60E4A0BB1B8C54D000F57174 /* NJKWebViewProgressView.h */,
				60E4A0BC1B8C54D000F57174 /* NJKWebViewProgressView.m */,
			);
			path = NJKWebViewProgress;
			sourceTree = "<group>";
		};
		60E4A0C01B8C54D000F57174 /* UIActivities */ = {
			isa = PBXGroup;
			children = (
				60E4A0C11B8C54D000F57174 /* Chrome */,
				60E4A0C71B8C54D000F57174 /* Safari */,
				60E4A0CD1B8C54D000F57174 /* SVWebViewControllerActivity.h */,
				60E4A0CE1B8C54D000F57174 /* SVWebViewControllerActivity.m */,
			);
			path = UIActivities;
			sourceTree = "<group>";
		};
		60E4A0C11B8C54D000F57174 /* Chrome */ = {
			isa = PBXGroup;
			children = (
				60E4A0C21B8C54D000F57174 /* SVWebViewControllerActivityChrome-iPad.png */,
				60E4A0C31B8C54D000F57174 /* SVWebViewControllerActivityChrome-iPad@2x.png */,
				60E4A0C41B8C54D000F57174 /* SVWebViewControllerActivityChrome.h */,
				60E4A0C51B8C54D000F57174 /* SVWebViewControllerActivityChrome.m */,
				60E4A0C61B8C54D000F57174 /* SVWebViewControllerActivityChrome@2x.png */,
			);
			path = Chrome;
			sourceTree = "<group>";
		};
		60E4A0C71B8C54D000F57174 /* Safari */ = {
			isa = PBXGroup;
			children = (
				60E4A0C81B8C54D000F57174 /* SVWebViewControllerActivitySafari-iPad.png */,
				60E4A0C91B8C54D000F57174 /* SVWebViewControllerActivitySafari-iPad@2x.png */,
				60E4A0CA1B8C54D000F57174 /* SVWebViewControllerActivitySafari.h */,
				60E4A0CB1B8C54D000F57174 /* SVWebViewControllerActivitySafari.m */,
				60E4A0CC1B8C54D000F57174 /* SVWebViewControllerActivitySafari@2x.png */,
			);
			path = Safari;
			sourceTree = "<group>";
		};
		60E4A0E31B8C553E00F57174 /* Extentions */ = {
			isa = PBXGroup;
			children = (
				60E4A0E41B8C553E00F57174 /* NSEtcHosts.h */,
				60E4A0E51B8C553E00F57174 /* NSEtcHosts.m */,
			);
			name = Extentions;
			path = ../../Extentions;
			sourceTree = "<group>";
		};
		60F1C3AC1B81A1DA00995C1A /* Util */ = {
			isa = PBXGroup;
			children = (
				60E4A0E01B8C552700F57174 /* STTools.h */,
				60E4A0E11B8C552700F57174 /* STTools.m */,
				60F1C3AD1B81A1DA00995C1A /* ViewUtil.h */,
				60F1C3AE1B81A1DA00995C1A /* ViewUtil.m */,
			);
			name = Util;
			path = ../../Util;
			sourceTree = "<group>";
		};
/* End PBXGroup section */

/* Begin PBXNativeTarget section */
		2F0806101802E52F00D40F7C /* Abs */ = {
			isa = PBXNativeTarget;
			buildConfigurationList = 2F08062F1802E52F00D40F7C /* Build configuration list for PBXNativeTarget "Abs" */;
			buildPhases = (
				2F5587471970DF3D00E84403 /* Run Script */,
				2F08060D1802E52F00D40F7C /* Sources */,
				2F08060E1802E52F00D40F7C /* Frameworks */,
				2F08060F1802E52F00D40F7C /* Resources */,
			);
			buildRules = (
			);
			dependencies = (
			);
			name = Abs;
			productName = Abs;
			productReference = 2F0806111802E52F00D40F7C /* Abs.app */;
			productType = "com.apple.product-type.application";
		};
/* End PBXNativeTarget section */

/* Begin PBXProject section */
		2F0806081802E52F00D40F7C /* Project object */ = {
			isa = PBXProject;
			attributes = {
				LastUpgradeCheck = 0620;
				ORGANIZATIONNAME = Miku;
				TargetAttributes = {
					2F0806101802E52F00D40F7C = {
						DevelopmentTeam = 7R9D3X5353;
					};
				};
			};
			buildConfigurationList = 2F08060B1802E52F00D40F7C /* Build configuration list for PBXProject "Abs" */;
			compatibilityVersion = "Xcode 3.2";
			developmentRegion = English;
			hasScannedForEncodings = 0;
			knownRegions = (
				en,
				"zh-Hans",
				"zh-Hant",
			);
			mainGroup = 2F0806061802E52F00D40F7C;
			productRefGroup = 2F0806121802E52F00D40F7C /* Products */;
			projectDirPath = "";
			projectRoot = "";
			targets = (
				2F0806101802E52F00D40F7C /* Abs */,
			);
		};
/* End PBXProject section */

/* Begin PBXResourcesBuildPhase section */
		2F08060F1802E52F00D40F7C /* Resources */ = {
			isa = PBXResourcesBuildPhase;
			buildActionMask = 2147483647;
			files = (
				2F42A8971A051EFC00332167 /* images in Resources */,
				60E4A0D11B8C54D000F57174 /* CPWebViewController.strings in Resources */,
				60E4A0DC1B8C54D000F57174 /* SVWebViewControllerActivitySafari-iPad@2x.png in Resources */,
				60E4A0D51B8C54D000F57174 /* CPWebViewController.bundle in Resources */,
				60F289931B810E150087284C /* InfoPlist.strings in Resources */,
				60F289901B810DB20087284C /* LaunchScreen.xib in Resources */,
				60D1B6B61B65C20900E3C8EB /* slan.m.js in Resources */,
				60E4A0D81B8C54D000F57174 /* SVWebViewControllerActivityChrome-iPad@2x.png in Resources */,
				2F9FAAFA1970D95700DFB77C /* Images.xcassets in Resources */,
				60D1B6B51B65C20900E3C8EB /* controller.js in Resources */,
				2F3BC776180D13DF004C08E3 /* index.html in Resources */,
				60E4A0DA1B8C54D000F57174 /* SVWebViewControllerActivityChrome@2x.png in Resources */,
				60E4A0D71B8C54D000F57174 /* SVWebViewControllerActivityChrome-iPad.png in Resources */,
				60E4A0DB1B8C54D000F57174 /* SVWebViewControllerActivitySafari-iPad.png in Resources */,
				60E4A0DE1B8C54D000F57174 /* SVWebViewControllerActivitySafari@2x.png in Resources */,
			);
			runOnlyForDeploymentPostprocessing = 0;
		};
/* End PBXResourcesBuildPhase section */

/* Begin PBXShellScriptBuildPhase section */
		2F5587471970DF3D00E84403 /* Run Script */ = {
			isa = PBXShellScriptBuildPhase;
			buildActionMask = 2147483647;
			files = (
			);
			inputPaths = (
			);
			name = "Run Script";
			outputPaths = (
			);
			runOnlyForDeploymentPostprocessing = 0;
			shellPath = /bin/sh;
			shellScript = "find ${SRCROOT}/files -exec touch {} \\;";
		};
/* End PBXShellScriptBuildPhase section */

/* Begin PBXSourcesBuildPhase section */
		2F08060D1802E52F00D40F7C /* Sources */ = {
			isa = PBXSourcesBuildPhase;
			buildActionMask = 2147483647;
			files = (
				60E4A0DD1B8C54D000F57174 /* SVWebViewControllerActivitySafari.m in Sources */,
				60F1C5021B7E6DF60043FEA1 /* main.m in Sources */,
				60F1C4F51B7E6DBE0043FEA1 /* HybridView.m in Sources */,
				60E4A0E21B8C552700F57174 /* STTools.m in Sources */,
				60E4A0D21B8C54D000F57174 /* MyURLCache.m in Sources */,
				60F1C3AF1B81A1DA00995C1A /* ViewUtil.m in Sources */,
				60F1C4F61B7E6DBE0043FEA1 /* ViewController.mm in Sources */,
				60E4A0D91B8C54D000F57174 /* SVWebViewControllerActivityChrome.m in Sources */,
				60F1C4F41B7E6DBE0043FEA1 /* AppDelegate.m in Sources */,
				60E4A0D31B8C54D000F57174 /* NJKWebViewProgress.m in Sources */,
				60E4A0D61B8C54D000F57174 /* CPWebViewController.m in Sources */,
				60E4A0E61B8C553E00F57174 /* NSEtcHosts.m in Sources */,
				60E4A0D41B8C54D000F57174 /* NJKWebViewProgressView.m in Sources */,
				60E4A0E91B8C55D100F57174 /* CPModalWebViewController.m in Sources */,
				60E4A0DF1B8C54D000F57174 /* SVWebViewControllerActivity.m in Sources */,
			);
			runOnlyForDeploymentPostprocessing = 0;
		};
/* End PBXSourcesBuildPhase section */

/* Begin PBXVariantGroup section */
		60E4A0B41B8C54D000F57174 /* CPWebViewController.strings */ = {
			isa = PBXVariantGroup;
			children = (
				60E4A0B51B8C54D000F57174 /* en */,
				60E4A0CF1B8C54D000F57174 /* zh-Hans */,
				60E4A0D01B8C54D000F57174 /* zh-Hant */,
			);
			name = CPWebViewController.strings;
			sourceTree = "<group>";
		};
		60F2898E1B810DB20087284C /* LaunchScreen.xib */ = {
			isa = PBXVariantGroup;
			children = (
				60F2898F1B810DB20087284C /* en */,
			);
			name = LaunchScreen.xib;
			sourceTree = "<group>";
		};
		60F289911B810E150087284C /* InfoPlist.strings */ = {
			isa = PBXVariantGroup;
			children = (
				60F289921B810E150087284C /* en */,
			);
			name = InfoPlist.strings;
			sourceTree = "<group>";
		};
/* End PBXVariantGroup section */

/* Begin XCBuildConfiguration section */
		2F08062D1802E52F00D40F7C /* Debug */ = {
			isa = XCBuildConfiguration;
			buildSettings = {
				ALWAYS_SEARCH_USER_PATHS = NO;
				CLANG_CXX_LANGUAGE_STANDARD = "gnu++0x";
				CLANG_ENABLE_OBJC_ARC = NO;
				CLANG_WARN_BOOL_CONVERSION = YES;
				CLANG_WARN_CONSTANT_CONVERSION = YES;
				CLANG_WARN_EMPTY_BODY = YES;
				CLANG_WARN_ENUM_CONVERSION = YES;
				CLANG_WARN_INT_CONVERSION = YES;
				CLANG_WARN_UNREACHABLE_CODE = YES;
				CLANG_WARN__DUPLICATE_METHOD_MATCH = YES;
				CODE_SIGN_IDENTITY = "";
				"CODE_SIGN_IDENTITY[sdk=iphoneos*]" = "";
				COPY_PHASE_STRIP = NO;
				ENABLE_STRICT_OBJC_MSGSEND = YES;
				GCC_C_LANGUAGE_STANDARD = gnu99;
				GCC_DYNAMIC_NO_PIC = NO;
				GCC_OPTIMIZATION_LEVEL = 0;
				GCC_PREPROCESSOR_DEFINITIONS = (
					"DEBUG=1",
					"$(inherited)",
				);
				GCC_SYMBOLS_PRIVATE_EXTERN = NO;
				GCC_VERSION = com.apple.compilers.llvm.clang.1_0;
				GCC_WARN_64_TO_32_BIT_CONVERSION = YES;
				GCC_WARN_ABOUT_RETURN_TYPE = YES;
				GCC_WARN_UNDECLARED_SELECTOR = YES;
				GCC_WARN_UNINITIALIZED_AUTOS = YES;
				GCC_WARN_UNUSED_FUNCTION = YES;
				GCC_WARN_UNUSED_VARIABLE = YES;
				HEADER_SEARCH_PATHS = (
					"../ZXingWidget/Classes/**",
					../cpp/core/src,
				);
				IPHONEOS_DEPLOYMENT_TARGET = 5.1;
				ONLY_ACTIVE_ARCH = YES;
				SCAN_ALL_SOURCE_FILES_FOR_INCLUDES = YES;
				SDKROOT = iphoneos;
			};
			name = Debug;
		};
		2F08062E1802E52F00D40F7C /* Release */ = {
			isa = XCBuildConfiguration;
			buildSettings = {
				ALWAYS_SEARCH_USER_PATHS = NO;
				CLANG_CXX_LANGUAGE_STANDARD = "gnu++0x";
				CLANG_ENABLE_OBJC_ARC = NO;
				CLANG_WARN_BOOL_CONVERSION = YES;
				CLANG_WARN_CONSTANT_CONVERSION = YES;
				CLANG_WARN_EMPTY_BODY = YES;
				CLANG_WARN_ENUM_CONVERSION = YES;
				CLANG_WARN_INT_CONVERSION = YES;
				CLANG_WARN_UNREACHABLE_CODE = YES;
				CLANG_WARN__DUPLICATE_METHOD_MATCH = YES;
				CODE_SIGN_IDENTITY = "iPhone Distribution: Xue Jiao Zhou (7R9D3X5353)";
				"CODE_SIGN_IDENTITY[sdk=iphoneos*]" = "iPhone Distribution: Xue Jiao Zhou (7R9D3X5353)";
				COPY_PHASE_STRIP = YES;
				ENABLE_STRICT_OBJC_MSGSEND = YES;
				GCC_C_LANGUAGE_STANDARD = gnu99;
				GCC_VERSION = com.apple.compilers.llvm.clang.1_0;
				GCC_WARN_64_TO_32_BIT_CONVERSION = YES;
				GCC_WARN_ABOUT_RETURN_TYPE = YES;
				GCC_WARN_UNDECLARED_SELECTOR = YES;
				GCC_WARN_UNINITIALIZED_AUTOS = YES;
				GCC_WARN_UNUSED_FUNCTION = YES;
				GCC_WARN_UNUSED_VARIABLE = YES;
				HEADER_SEARCH_PATHS = (
					"../ZXingWidget/Classes/**",
					../cpp/core/src,
				);
				IPHONEOS_DEPLOYMENT_TARGET = 5.1;
				OTHER_CFLAGS = "-DNS_BLOCK_ASSERTIONS=1";
				PROVISIONING_PROFILE = "D47CC72D-584C-4271-B4D1-CB42B493A9CB";
				"PROVISIONING_PROFILE[sdk=iphoneos*]" = "D47CC72D-584C-4271-B4D1-CB42B493A9CB";
				SCAN_ALL_SOURCE_FILES_FOR_INCLUDES = YES;
				SDKROOT = iphoneos;
				VALIDATE_PRODUCT = YES;
			};
			name = Release;
		};
		2F0806301802E52F00D40F7C /* Debug */ = {
			isa = XCBuildConfiguration;
			buildSettings = {
				ALWAYS_SEARCH_USER_PATHS = YES;
				ASSETCATALOG_COMPILER_APPICON_NAME = AppIcon;
				ASSETCATALOG_COMPILER_LAUNCHIMAGE_NAME = LaunchImage;
				CLANG_ENABLE_OBJC_ARC = YES;
				CODE_SIGN_IDENTITY = "iOS Distribution: Xue Jiao Zhou";
				"CODE_SIGN_IDENTITY[sdk=iphoneos*]" = "iPhone Distribution";
				FRAMEWORK_SEARCH_PATHS = (
					"$(inherited)",
					"\"$(SRCROOT)\"",
				);
				GCC_PRECOMPILE_PREFIX_HEADER = YES;
				GCC_PREFIX_HEADER = "Views/Abs-Prefix.pch";
				INFOPLIST_FILE = "Views/Abs-Info.plist";
				IPHONEOS_DEPLOYMENT_TARGET = 5.1.1;
				LIBRARY_SEARCH_PATHS = "$(inherited)";
				PRODUCT_NAME = Abs;
				PROVISIONING_PROFILE = "";
				"PROVISIONING_PROFILE[sdk=iphoneos*]" = "";
				SCAN_ALL_SOURCE_FILES_FOR_INCLUDES = YES;
				USER_HEADER_SEARCH_PATHS = "";
				VALIDATE_PRODUCT = NO;
				VALID_ARCHS = "armv7 arm64";
				WRAPPER_EXTENSION = app;
			};
			name = Debug;
		};
		2F0806311802E52F00D40F7C /* Release */ = {
			isa = XCBuildConfiguration;
			buildSettings = {
				ALWAYS_SEARCH_USER_PATHS = YES;
				ASSETCATALOG_COMPILER_APPICON_NAME = AppIcon;
				ASSETCATALOG_COMPILER_LAUNCHIMAGE_NAME = LaunchImage;
				CLANG_ENABLE_OBJC_ARC = YES;
				CODE_SIGN_IDENTITY = "iOS Distribution: Xue Jiao Zhou";
				"CODE_SIGN_IDENTITY[sdk=iphoneos*]" = "iPhone Distribution";
				FRAMEWORK_SEARCH_PATHS = (
					"$(inherited)",
					"\"$(SRCROOT)\"",
				);
				GCC_PRECOMPILE_PREFIX_HEADER = YES;
				GCC_PREFIX_HEADER = "Views/Abs-Prefix.pch";
				INFOPLIST_FILE = "Views/Abs-Info.plist";
				IPHONEOS_DEPLOYMENT_TARGET = 5.1.1;
				LIBRARY_SEARCH_PATHS = "$(inherited)";
				PRODUCT_NAME = Abs;
				PROVISIONING_PROFILE = "";
				"PROVISIONING_PROFILE[sdk=iphoneos*]" = "";
				SCAN_ALL_SOURCE_FILES_FOR_INCLUDES = YES;
				USER_HEADER_SEARCH_PATHS = "";
				VALIDATE_PRODUCT = YES;
				VALID_ARCHS = "armv7 arm64";
				WRAPPER_EXTENSION = app;
			};
			name = Release;
		};
		92503DE41833B119006B2108 /* Distribution */ = {
			isa = XCBuildConfiguration;
			buildSettings = {
				ALWAYS_SEARCH_USER_PATHS = NO;
				CLANG_CXX_LANGUAGE_STANDARD = "gnu++0x";
				CLANG_ENABLE_OBJC_ARC = NO;
				CLANG_WARN_BOOL_CONVERSION = YES;
				CLANG_WARN_CONSTANT_CONVERSION = YES;
				CLANG_WARN_EMPTY_BODY = YES;
				CLANG_WARN_ENUM_CONVERSION = YES;
				CLANG_WARN_INT_CONVERSION = YES;
				CLANG_WARN_UNREACHABLE_CODE = YES;
				CLANG_WARN__DUPLICATE_METHOD_MATCH = YES;
				CODE_SIGN_IDENTITY = "iPhone Distribution: Xue Jiao Zhou (7R9D3X5353)";
				"CODE_SIGN_IDENTITY[sdk=iphoneos*]" = "iPhone Distribution: Xue Jiao Zhou (7R9D3X5353)";
				COPY_PHASE_STRIP = YES;
				ENABLE_STRICT_OBJC_MSGSEND = YES;
				GCC_C_LANGUAGE_STANDARD = gnu99;
				GCC_VERSION = com.apple.compilers.llvm.clang.1_0;
				GCC_WARN_64_TO_32_BIT_CONVERSION = YES;
				GCC_WARN_ABOUT_RETURN_TYPE = YES;
				GCC_WARN_UNDECLARED_SELECTOR = YES;
				GCC_WARN_UNINITIALIZED_AUTOS = YES;
				GCC_WARN_UNUSED_FUNCTION = YES;
				GCC_WARN_UNUSED_VARIABLE = YES;
				HEADER_SEARCH_PATHS = (
					"../ZXingWidget/Classes/**",
					../cpp/core/src,
				);
				IPHONEOS_DEPLOYMENT_TARGET = 5.1;
				OTHER_CFLAGS = "-DNS_BLOCK_ASSERTIONS=1";
				PROVISIONING_PROFILE = "D47CC72D-584C-4271-B4D1-CB42B493A9CB";
				"PROVISIONING_PROFILE[sdk=iphoneos*]" = "D47CC72D-584C-4271-B4D1-CB42B493A9CB";
				SCAN_ALL_SOURCE_FILES_FOR_INCLUDES = YES;
				SDKROOT = iphoneos;
				VALIDATE_PRODUCT = YES;
			};
			name = Distribution;
		};
		92503DE51833B119006B2108 /* Distribution */ = {
			isa = XCBuildConfiguration;
			buildSettings = {
				ALWAYS_SEARCH_USER_PATHS = YES;
				ASSETCATALOG_COMPILER_APPICON_NAME = AppIcon;
				ASSETCATALOG_COMPILER_LAUNCHIMAGE_NAME = LaunchImage;
				CLANG_ENABLE_OBJC_ARC = YES;
				CODE_SIGN_IDENTITY = "iOS Distribution: Xue Jiao Zhou";
				"CODE_SIGN_IDENTITY[sdk=iphoneos*]" = "iPhone Distribution";
				FRAMEWORK_SEARCH_PATHS = (
					"$(inherited)",
					"\"$(SRCROOT)\"",
				);
				GCC_PRECOMPILE_PREFIX_HEADER = YES;
				GCC_PREFIX_HEADER = "Views/Abs-Prefix.pch";
				INFOPLIST_FILE = "Views/Abs-Info.plist";
				IPHONEOS_DEPLOYMENT_TARGET = 5.1.1;
				LIBRARY_SEARCH_PATHS = "$(inherited)";
				PRODUCT_NAME = Abs;
				PROVISIONING_PROFILE = "";
				"PROVISIONING_PROFILE[sdk=iphoneos*]" = "";
				SCAN_ALL_SOURCE_FILES_FOR_INCLUDES = YES;
				USER_HEADER_SEARCH_PATHS = "";
				VALIDATE_PRODUCT = YES;
				VALID_ARCHS = "armv7 arm64";
				WRAPPER_EXTENSION = app;
			};
			name = Distribution;
		};
/* End XCBuildConfiguration section */

/* Begin XCConfigurationList section */
		2F08060B1802E52F00D40F7C /* Build configuration list for PBXProject "Abs" */ = {
			isa = XCConfigurationList;
			buildConfigurations = (
				2F08062D1802E52F00D40F7C /* Debug */,
				2F08062E1802E52F00D40F7C /* Release */,
				92503DE41833B119006B2108 /* Distribution */,
			);
			defaultConfigurationIsVisible = 0;
			defaultConfigurationName = Release;
		};
		2F08062F1802E52F00D40F7C /* Build configuration list for PBXNativeTarget "Abs" */ = {
			isa = XCConfigurationList;
			buildConfigurations = (
				2F0806301802E52F00D40F7C /* Debug */,
				2F0806311802E52F00D40F7C /* Release */,
				92503DE51833B119006B2108 /* Distribution */,
			);
			defaultConfigurationIsVisible = 0;
			defaultConfigurationName = Release;
		};
/* End XCConfigurationList section */
	};
	rootObject = 2F0806081802E52F00D40F7C /* Project object */;
}
